
Microsoft Visual Studio Solution File, Format Version 12.00
# Visual Studio 15
VisualStudioVersion = 15.0.28307.572
MinimumVisualStudioVersion = 10.0.40219.1
Project("{FAE04EC0-301F-11D3-BF4B-00C04F79EFBC}") = "SimpleHttpClient", "SimpleHttpClient\SimpleHttpClient.csproj", "{0E845A3E-9B9E-4235-93BE-42C2DDBD3DDF}"
EndProject
Global
	GlobalSection(SolutionConfigurationPlatforms) = preSolution
		Debug|Any CPU = Debug|Any CPU
		Release|Any CPU = Release|Any CPU
	EndGlobalSection
	GlobalSection(ProjectConfigurationPlatforms) = postSolution
		{0E845A3E-9B9E-4235-93BE-42C2DDBD3DDF}.Debug|Any CPU.ActiveCfg = Debug|Any CPU
		{0E845A3E-9B9E-4235-93BE-42C2DDBD3DDF}.Debug|Any CPU.Build.0 = Debug|Any CPU
		{0E845A3E-9B9E-4235-93BE-42C2DDBD3DDF}.Release|Any CPU.ActiveCfg = Release|Any CPU
		{0E845A3E-9B9E-4235-93BE-42C2DDBD3DDF}.Release|Any CPU.Build.0 = Release|Any CPU
	EndGlobalSection
	GlobalSection(SolutionProperties) = preSolution
		HideSolutionNode = FALSE
	EndGlobalSection
	GlobalSection(ExtensibilityGlobals) = postSolution
		SolutionGuid = {1D8EBD71-C6A6-47C3-8DB1-C9F8E7EA5EAE}
	EndGlobalSection
EndGlobal
