
Microsoft Visual Studio Solution File, Format Version 12.00
# Visual Studio 15
VisualStudioVersion = 15.0.28307.572
MinimumVisualStudioVersion = 10.0.40219.1
Project("{9A19103F-16F7-4668-BE54-9A1E7A4F7556}") = "SimpleHttpClient", "SimpleHttpClient\SimpleHttpClient.csproj", "{0E845A3E-9B9E-4235-93BE-42C2DDBD3DDF}"
EndProject
Project("{9A19103F-16F7-4668-BE54-9A1E7A4F7556}") = "Test", "Test\Test.csproj", "{9972BB9B-C55F-4D6E-8788-2C75AC730FA6}"
EndProject
Global
	GlobalSection(SolutionConfigurationPlatforms) = preSolution
		Debug|Any CPU = Debug|Any CPU
		Release|Any CPU = Release|Any CPU
	EndGlobalSection
	GlobalSection(ProjectConfigurationPlatforms) = postSolution
		{0E845A3E-9B9E-4235-93BE-42C2DDBD3DDF}.Debug|Any CPU.ActiveCfg = Debug|Any CPU
		{0E845A3E-9B9E-4235-93BE-42C2DDBD3DDF}.Debug|Any CPU.Build.0 = Debug|Any CPU
		{0E845A3E-9B9E-4235-93BE-42C2DDBD3DDF}.Release|Any CPU.ActiveCfg = Release|Any CPU
		{0E845A3E-9B9E-4235-93BE-42C2DDBD3DDF}.Release|Any CPU.Build.0 = Release|Any CPU
		{9972BB9B-C55F-4D6E-8788-2C75AC730FA6}.Debug|Any CPU.ActiveCfg = Debug|Any CPU
		{9972BB9B-C55F-4D6E-8788-2C75AC730FA6}.Debug|Any CPU.Build.0 = Debug|Any CPU
		{9972BB9B-C55F-4D6E-8788-2C75AC730FA6}.Release|Any CPU.ActiveCfg = Release|Any CPU
		{9972BB9B-C55F-4D6E-8788-2C75AC730FA6}.Release|Any CPU.Build.0 = Release|Any CPU
		{8112BC48-336F-4A31-8736-1FF4F799DB33}.Debug|Any CPU.ActiveCfg = Debug|Any CPU
		{8112BC48-336F-4A31-8736-1FF4F799DB33}.Debug|Any CPU.Build.0 = Debug|Any CPU
		{8112BC48-336F-4A31-8736-1FF4F799DB33}.Release|Any CPU.ActiveCfg = Release|Any CPU
		{8112BC48-336F-4A31-8736-1FF4F799DB33}.Release|Any CPU.Build.0 = Release|Any CPU
	EndGlobalSection
	GlobalSection(SolutionProperties) = preSolution
		HideSolutionNode = FALSE
	EndGlobalSection
	GlobalSection(ExtensibilityGlobals) = postSolution
		SolutionGuid = {1D8EBD71-C6A6-47C3-8DB1-C9F8E7EA5EAE}
	EndGlobalSection
EndGlobal
